<?xml version="1.0" encoding="utf-8"?>
<Project ToolsVersion="4.0" xmlns="http://schemas.microsoft.com/developer/msbuild/2003">
  <ItemGroup>
    <Filter Include="Generated Files">
      <UniqueIdentifier>{71ED8ED8-ACB9-4CE9-BBE1-E00B30144E11}</UniqueIdentifier>
      <Extensions>cpp;c;cxx;moc;h;def;odl;idl;res</Extensions>
    </Filter>
    <Filter Include="Header Files">
      <UniqueIdentifier>{93995380-89BD-4b04-88EB-625FBE52EBFB}</UniqueIdentifier>
      <Extensions>h;hpp;hxx;hm;inl;inc;xsd</Extensions>
    </Filter>
    <Filter Include="Source Files">
      <UniqueIdentifier>{4FC737F1-C7A5-4376-A066-2A32D752A2FF}</UniqueIdentifier>
      <Extensions>cpp;c;cxx;def;odl;idl;hpj;bat;asm;asmx</Extensions>
    </Filter>
    <Filter Include="Generated Files\Debug">
      <UniqueIdentifier>{554db920-b9ab-4acf-ba64-115cffb61c6b}</UniqueIdentifier>
      <Extensions>cpp;moc</Extensions>
      <SourceControlFiles>False</SourceControlFiles>
    </Filter>
    <Filter Include="Generated Files\Release">
      <UniqueIdentifier>{3b58baf4-f66b-4723-a316-e8e9e3cdc5f5}</UniqueIdentifier>
      <Extensions>cpp;moc</Extensions>
      <SourceControlFiles>False</SourceControlFiles>
    </Filter>
  </ItemGroup>
  <ItemGroup>
    <ClCompile Include="ActionManager\action.cpp">
      <Filter>Source Files</Filter>
    </ClCompile>
    <ClCompile Include="ActionManager\actionmanager.cpp">
      <Filter>Source Files</Filter>
    </ClCompile>
    <ClCompile Include="core.cpp">
      <Filter>Source Files</Filter>
    </ClCompile>
    <ClCompile Include="ActionManager\menuactioncontainer.cpp">
      <Filter>Source Files</Filter>
    </ClCompile>
    <ClCompile Include="ActionManager\menubaractioncontainer.cpp">
      <Filter>Source Files</Filter>
    </ClCompile>
    <ClCompile Include="plugin.cpp">
      <Filter>Source Files</Filter>
    </ClCompile>
    <ClCompile Include="uniqueidmanager.cpp">
      <Filter>Source Files</Filter>
    </ClCompile>
    <ClCompile Include="Debug\moc_action.cpp">
      <Filter>Generated Files\Debug</Filter>
    </ClCompile>
    <ClCompile Include="Release\moc_action.cpp">
      <Filter>Generated Files\Release</Filter>
    </ClCompile>
    <ClCompile Include="Debug\moc_core.cpp">
      <Filter>Generated Files\Debug</Filter>
    </ClCompile>
    <ClCompile Include="Release\moc_core.cpp">
      <Filter>Generated Files\Release</Filter>
    </ClCompile>
    <ClCompile Include="Debug\moc_menuactioncontainer.cpp">
      <Filter>Generated Files\Debug</Filter>
    </ClCompile>
    <ClCompile Include="Release\moc_menuactioncontainer.cpp">
      <Filter>Generated Files\Release</Filter>
    </ClCompile>
    <ClCompile Include="Debug\moc_menubaractioncontainer.cpp">
      <Filter>Generated Files\Debug</Filter>
    </ClCompile>
    <ClCompile Include="Release\moc_menubaractioncontainer.cpp">
      <Filter>Generated Files\Release</Filter>
    </ClCompile>
    <ClCompile Include="Debug\moc_plugin.cpp">
      <Filter>Generated Files\Debug</Filter>
    </ClCompile>
    <ClCompile Include="Release\moc_plugin.cpp">
      <Filter>Generated Files\Release</Filter>
    </ClCompile>
  </ItemGroup>
  <ItemGroup>
    <ClInclude Include="CorePlugin_global.h">
      <Filter>Header Files</Filter>
    </ClInclude>
    <CustomBuild Include="ActionManager\action.h">
      <Filter>Header Files</Filter>
    </CustomBuild>
    <ClInclude Include="ActionManager\actionmanager.h">
      <Filter>Header Files</Filter>
    </ClInclude>
    <CustomBuild Include="core.h">
      <Filter>Header Files</Filter>
    </CustomBuild>
    <ClInclude Include="global_const\global_const.h">
      <Filter>Header Files</Filter>
    </ClInclude>
    <ClInclude Include="ActionManager\iactioncontainer.h">
      <Filter>Header Files</Filter>
    </ClInclude>
    <CustomBuild Include="ActionManager\menuactioncontainer.h">
      <Filter>Header Files</Filter>
    </CustomBuild>
    <CustomBuild Include="ActionManager\menubaractioncontainer.h">
      <Filter>Header Files</Filter>
    </CustomBuild>
    <CustomBuild Include="plugin.h">
      <Filter>Header Files</Filter>
    </CustomBuild>
    <ClInclude Include="uniqueidmanager.h">
      <Filter>Header Files</Filter>
    </ClInclude>
  </ItemGroup>
</Project>